
Microsoft Visual Studio Solution File, Format Version 11.00
# Visual Studio 2010
Project("{8BC9CEB8-8B4A-11D0-8D11-00A0C91BC942}") = "BT3", "BT3\BT3.vcxproj", "{FF140417-6D48-4E3C-B512-13603D92EF3F}"
EndProject
Global
	GlobalSection(SolutionConfigurationPlatforms) = preSolution
		Debug|Win32 = Debug|Win32
		Release|Win32 = Release|Win32
	EndGlobalSection
	GlobalSection(ProjectConfigurationPlatforms) = postSolution
		{FF140417-6D48-4E3C-B512-13603D92EF3F}.Debug|Win32.ActiveCfg = Debug|Win32
		{FF140417-6D48-4E3C-B512-13603D92EF3F}.Debug|Win32.Build.0 = Debug|Win32
		{FF140417-6D48-4E3C-B512-13603D92EF3F}.Release|Win32.ActiveCfg = Release|Win32
		{FF140417-6D48-4E3C-B512-13603D92EF3F}.Release|Win32.Build.0 = Release|Win32
	EndGlobalSection
	GlobalSection(SolutionProperties) = preSolution
		HideSolutionNode = FALSE
	EndGlobalSection
EndGlobal
